
Microsoft Visual Studio Solution File, Format Version 12.00
# Visual Studio Version 16
VisualStudioVersion = 16.0.31129.286
MinimumVisualStudioVersion = 10.0.40219.1
Project("{9A19103F-16F7-4668-BE54-9A1E7A4F7556}") = "eHousing", "eHousing\eHousing.csproj", "{6B335C5A-9834-41C2-A194-E0939FC319BC}"
EndProject
Project("{FAE04EC0-301F-11D3-BF4B-00C04F79EFBC}") = "eHousing.Model", "eHousing.Model\eHousing.Model.csproj", "{76F46537-186D-40CA-B041-3983C1CB43FB}"
EndProject
Project("{FAE04EC0-301F-11D3-BF4B-00C04F79EFBC}") = "eHousing.WinUI", "eHousing.WinUI\eHousing.WinUI.csproj", "{82C16284-5B69-45C2-A9EE-C422CD95198C}"
EndProject
Project("{2150E333-8FDC-42A3-9474-1A3956D46DE8}") = "Mobile", "Mobile", "{43FB2854-B857-48B8-8A0F-C135823C3BB1}"
EndProject
Project("{FAE04EC0-301F-11D3-BF4B-00C04F79EFBC}") = "eHousing.Mobile.UWP", "eHousing.Mobile\eHousing.Mobile.UWP\eHousing.Mobile.UWP.csproj", "{13C9E21B-6B2A-422E-AB4A-7D76022D90FA}"
EndProject
Project("{FAE04EC0-301F-11D3-BF4B-00C04F79EFBC}") = "eHousing.Mobile.Android", "eHousing.Mobile\eHousing.Mobile.Android\eHousing.Mobile.Android.csproj", "{24920CA4-04BD-4CFE-91B0-BC302EA956AF}"
EndProject
Project("{FAE04EC0-301F-11D3-BF4B-00C04F79EFBC}") = "eHousing.Mobile.iOS", "eHousing.Mobile\eHousing.Mobile.iOS\eHousing.Mobile.iOS.csproj", "{3E122A5A-783E-46EA-950E-112415BEF588}"
EndProject
Project("{9A19103F-16F7-4668-BE54-9A1E7A4F7556}") = "eHousing.Mobile", "eHousing.Mobile\eHousing.Mobile\eHousing.Mobile.csproj", "{0777C1B8-1813-4121-A047-E4A43108F397}"
EndProject
Global
	GlobalSection(SolutionConfigurationPlatforms) = preSolution
		Debug|Any CPU = Debug|Any CPU
		Debug|ARM = Debug|ARM
		Debug|iPhone = Debug|iPhone
		Debug|iPhoneSimulator = Debug|iPhoneSimulator
		Debug|x64 = Debug|x64
		Debug|x86 = Debug|x86
		Release|Any CPU = Release|Any CPU
		Release|ARM = Release|ARM
		Release|iPhone = Release|iPhone
		Release|iPhoneSimulator = Release|iPhoneSimulator
		Release|x64 = Release|x64
		Release|x86 = Release|x86
	EndGlobalSection
	GlobalSection(ProjectConfigurationPlatforms) = postSolution
		{6B335C5A-9834-41C2-A194-E0939FC319BC}.Debug|Any CPU.ActiveCfg = Debug|Any CPU
		{6B335C5A-9834-41C2-A194-E0939FC319BC}.Debug|Any CPU.Build.0 = Debug|Any CPU
		{6B335C5A-9834-41C2-A194-E0939FC319BC}.Debug|ARM.ActiveCfg = Debug|Any CPU
		{6B335C5A-9834-41C2-A194-E0939FC319BC}.Debug|ARM.Build.0 = Debug|Any CPU
		{6B335C5A-9834-41C2-A194-E0939FC319BC}.Debug|iPhone.ActiveCfg = Debug|Any CPU
		{6B335C5A-9834-41C2-A194-E0939FC319BC}.Debug|iPhone.Build.0 = Debug|Any CPU
		{6B335C5A-9834-41C2-A194-E0939FC319BC}.Debug|iPhoneSimulator.ActiveCfg = Debug|Any CPU
		{6B335C5A-9834-41C2-A194-E0939FC319BC}.Debug|iPhoneSimulator.Build.0 = Debug|Any CPU
		{6B335C5A-9834-41C2-A194-E0939FC319BC}.Debug|x64.ActiveCfg = Debug|Any CPU
		{6B335C5A-9834-41C2-A194-E0939FC319BC}.Debug|x64.Build.0 = Debug|Any CPU
		{6B335C5A-9834-41C2-A194-E0939FC319BC}.Debug|x86.ActiveCfg = Debug|Any CPU
		{6B335C5A-9834-41C2-A194-E0939FC319BC}.Debug|x86.Build.0 = Debug|Any CPU
		{6B335C5A-9834-41C2-A194-E0939FC319BC}.Release|Any CPU.ActiveCfg = Release|Any CPU
		{6B335C5A-9834-41C2-A194-E0939FC319BC}.Release|Any CPU.Build.0 = Release|Any CPU
		{6B335C5A-9834-41C2-A194-E0939FC319BC}.Release|ARM.ActiveCfg = Release|Any CPU
		{6B335C5A-9834-41C2-A194-E0939FC319BC}.Release|ARM.Build.0 = Release|Any CPU
		{6B335C5A-9834-41C2-A194-E0939FC319BC}.Release|iPhone.ActiveCfg = Release|Any CPU
		{6B335C5A-9834-41C2-A194-E0939FC319BC}.Release|iPhone.Build.0 = Release|Any CPU
		{6B335C5A-9834-41C2-A194-E0939FC319BC}.Release|iPhoneSimulator.ActiveCfg = Release|Any CPU
		{6B335C5A-9834-41C2-A194-E0939FC319BC}.Release|iPhoneSimulator.Build.0 = Release|Any CPU
		{6B335C5A-9834-41C2-A194-E0939FC319BC}.Release|x64.ActiveCfg = Release|Any CPU
		{6B335C5A-9834-41C2-A194-E0939FC319BC}.Release|x64.Build.0 = Release|Any CPU
		{6B335C5A-9834-41C2-A194-E0939FC319BC}.Release|x86.ActiveCfg = Release|Any CPU
		{6B335C5A-9834-41C2-A194-E0939FC319BC}.Release|x86.Build.0 = Release|Any CPU
		{76F46537-186D-40CA-B041-3983C1CB43FB}.Debug|Any CPU.ActiveCfg = Debug|Any CPU
		{76F46537-186D-40CA-B041-3983C1CB43FB}.Debug|Any CPU.Build.0 = Debug|Any CPU
		{76F46537-186D-40CA-B041-3983C1CB43FB}.Debug|ARM.ActiveCfg = Debug|Any CPU
		{76F46537-186D-40CA-B041-3983C1CB43FB}.Debug|ARM.Build.0 = Debug|Any CPU
		{76F46537-186D-40CA-B041-3983C1CB43FB}.Debug|iPhone.ActiveCfg = Debug|Any CPU
		{76F46537-186D-40CA-B041-3983C1CB43FB}.Debug|iPhone.Build.0 = Debug|Any CPU
		{76F46537-186D-40CA-B041-3983C1CB43FB}.Debug|iPhoneSimulator.ActiveCfg = Debug|Any CPU
		{76F46537-186D-40CA-B041-3983C1CB43FB}.Debug|iPhoneSimulator.Build.0 = Debug|Any CPU
		{76F46537-186D-40CA-B041-3983C1CB43FB}.Debug|x64.ActiveCfg = Debug|Any CPU
		{76F46537-186D-40CA-B041-3983C1CB43FB}.Debug|x64.Build.0 = Debug|Any CPU
		{76F46537-186D-40CA-B041-3983C1CB43FB}.Debug|x86.ActiveCfg = Debug|Any CPU
		{76F46537-186D-40CA-B041-3983C1CB43FB}.Debug|x86.Build.0 = Debug|Any CPU
		{76F46537-186D-40CA-B041-3983C1CB43FB}.Release|Any CPU.ActiveCfg = Release|Any CPU
		{76F46537-186D-40CA-B041-3983C1CB43FB}.Release|Any CPU.Build.0 = Release|Any CPU
		{76F46537-186D-40CA-B041-3983C1CB43FB}.Release|ARM.ActiveCfg = Release|Any CPU
		{76F46537-186D-40CA-B041-3983C1CB43FB}.Release|ARM.Build.0 = Release|Any CPU
		{76F46537-186D-40CA-B041-3983C1CB43FB}.Release|iPhone.ActiveCfg = Release|Any CPU
		{76F46537-186D-40CA-B041-3983C1CB43FB}.Release|iPhone.Build.0 = Release|Any CPU
		{76F46537-186D-40CA-B041-3983C1CB43FB}.Release|iPhoneSimulator.ActiveCfg = Release|Any CPU
		{76F46537-186D-40CA-B041-3983C1CB43FB}.Release|iPhoneSimulator.Build.0 = Release|Any CPU
		{76F46537-186D-40CA-B041-3983C1CB43FB}.Release|x64.ActiveCfg = Release|Any CPU
		{76F46537-186D-40CA-B041-3983C1CB43FB}.Release|x64.Build.0 = Release|Any CPU
		{76F46537-186D-40CA-B041-3983C1CB43FB}.Release|x86.ActiveCfg = Release|Any CPU
		{76F46537-186D-40CA-B041-3983C1CB43FB}.Release|x86.Build.0 = Release|Any CPU
		{82C16284-5B69-45C2-A9EE-C422CD95198C}.Debug|Any CPU.ActiveCfg = Debug|Any CPU
		{82C16284-5B69-45C2-A9EE-C422CD95198C}.Debug|Any CPU.Build.0 = Debug|Any CPU
		{82C16284-5B69-45C2-A9EE-C422CD95198C}.Debug|ARM.ActiveCfg = Debug|Any CPU
		{82C16284-5B69-45C2-A9EE-C422CD95198C}.Debug|ARM.Build.0 = Debug|Any CPU
		{82C16284-5B69-45C2-A9EE-C422CD95198C}.Debug|iPhone.ActiveCfg = Debug|Any CPU
		{82C16284-5B69-45C2-A9EE-C422CD95198C}.Debug|iPhone.Build.0 = Debug|Any CPU
		{82C16284-5B69-45C2-A9EE-C422CD95198C}.Debug|iPhoneSimulator.ActiveCfg = Debug|Any CPU
		{82C16284-5B69-45C2-A9EE-C422CD95198C}.Debug|iPhoneSimulator.Build.0 = Debug|Any CPU
		{82C16284-5B69-45C2-A9EE-C422CD95198C}.Debug|x64.ActiveCfg = Debug|Any CPU
		{82C16284-5B69-45C2-A9EE-C422CD95198C}.Debug|x64.Build.0 = Debug|Any CPU
		{82C16284-5B69-45C2-A9EE-C422CD95198C}.Debug|x86.ActiveCfg = Debug|Any CPU
		{82C16284-5B69-45C2-A9EE-C422CD95198C}.Debug|x86.Build.0 = Debug|Any CPU
		{82C16284-5B69-45C2-A9EE-C422CD95198C}.Release|Any CPU.ActiveCfg = Release|Any CPU
		{82C16284-5B69-45C2-A9EE-C422CD95198C}.Release|Any CPU.Build.0 = Release|Any CPU
		{82C16284-5B69-45C2-A9EE-C422CD95198C}.Release|ARM.ActiveCfg = Release|Any CPU
		{82C16284-5B69-45C2-A9EE-C422CD95198C}.Release|ARM.Build.0 = Release|Any CPU
		{82C16284-5B69-45C2-A9EE-C422CD95198C}.Release|iPhone.ActiveCfg = Release|Any CPU
		{82C16284-5B69-45C2-A9EE-C422CD95198C}.Release|iPhone.Build.0 = Release|Any CPU
		{82C16284-5B69-45C2-A9EE-C422CD95198C}.Release|iPhoneSimulator.ActiveCfg = Release|Any CPU
		{82C16284-5B69-45C2-A9EE-C422CD95198C}.Release|iPhoneSimulator.Build.0 = Release|Any CPU
		{82C16284-5B69-45C2-A9EE-C422CD95198C}.Release|x64.ActiveCfg = Release|Any CPU
		{82C16284-5B69-45C2-A9EE-C422CD95198C}.Release|x64.Build.0 = Release|Any CPU
		{82C16284-5B69-45C2-A9EE-C422CD95198C}.Release|x86.ActiveCfg = Release|Any CPU
		{82C16284-5B69-45C2-A9EE-C422CD95198C}.Release|x86.Build.0 = Release|Any CPU
		{13C9E21B-6B2A-422E-AB4A-7D76022D90FA}.Debug|Any CPU.ActiveCfg = Debug|x86
		{13C9E21B-6B2A-422E-AB4A-7D76022D90FA}.Debug|Any CPU.Build.0 = Debug|x86
		{13C9E21B-6B2A-422E-AB4A-7D76022D90FA}.Debug|Any CPU.Deploy.0 = Debug|x86
		{13C9E21B-6B2A-422E-AB4A-7D76022D90FA}.Debug|ARM.ActiveCfg = Debug|ARM
		{13C9E21B-6B2A-422E-AB4A-7D76022D90FA}.Debug|ARM.Build.0 = Debug|ARM
		{13C9E21B-6B2A-422E-AB4A-7D76022D90FA}.Debug|ARM.Deploy.0 = Debug|ARM
		{13C9E21B-6B2A-422E-AB4A-7D76022D90FA}.Debug|iPhone.ActiveCfg = Debug|x86
		{13C9E21B-6B2A-422E-AB4A-7D76022D90FA}.Debug|iPhoneSimulator.ActiveCfg = Debug|x86
		{13C9E21B-6B2A-422E-AB4A-7D76022D90FA}.Debug|x64.ActiveCfg = Debug|x64
		{13C9E21B-6B2A-422E-AB4A-7D76022D90FA}.Debug|x64.Build.0 = Debug|x64
		{13C9E21B-6B2A-422E-AB4A-7D76022D90FA}.Debug|x64.Deploy.0 = Debug|x64
		{13C9E21B-6B2A-422E-AB4A-7D76022D90FA}.Debug|x86.ActiveCfg = Debug|x86
		{13C9E21B-6B2A-422E-AB4A-7D76022D90FA}.Debug|x86.Build.0 = Debug|x86
		{13C9E21B-6B2A-422E-AB4A-7D76022D90FA}.Debug|x86.Deploy.0 = Debug|x86
		{13C9E21B-6B2A-422E-AB4A-7D76022D90FA}.Release|Any CPU.ActiveCfg = Release|x86
		{13C9E21B-6B2A-422E-AB4A-7D76022D90FA}.Release|ARM.ActiveCfg = Release|ARM
		{13C9E21B-6B2A-422E-AB4A-7D76022D90FA}.Release|ARM.Build.0 = Release|ARM
		{13C9E21B-6B2A-422E-AB4A-7D76022D90FA}.Release|ARM.Deploy.0 = Release|ARM
		{13C9E21B-6B2A-422E-AB4A-7D76022D90FA}.Release|iPhone.ActiveCfg = Release|x86
		{13C9E21B-6B2A-422E-AB4A-7D76022D90FA}.Release|iPhoneSimulator.ActiveCfg = Release|x86
		{13C9E21B-6B2A-422E-AB4A-7D76022D90FA}.Release|x64.ActiveCfg = Release|x64
		{13C9E21B-6B2A-422E-AB4A-7D76022D90FA}.Release|x64.Build.0 = Release|x64
		{13C9E21B-6B2A-422E-AB4A-7D76022D90FA}.Release|x64.Deploy.0 = Release|x64
		{13C9E21B-6B2A-422E-AB4A-7D76022D90FA}.Release|x86.ActiveCfg = Release|x86
		{13C9E21B-6B2A-422E-AB4A-7D76022D90FA}.Release|x86.Build.0 = Release|x86
		{13C9E21B-6B2A-422E-AB4A-7D76022D90FA}.Release|x86.Deploy.0 = Release|x86
		{24920CA4-04BD-4CFE-91B0-BC302EA956AF}.Debug|Any CPU.ActiveCfg = Debug|Any CPU
		{24920CA4-04BD-4CFE-91B0-BC302EA956AF}.Debug|Any CPU.Build.0 = Debug|Any CPU
		{24920CA4-04BD-4CFE-91B0-BC302EA956AF}.Debug|Any CPU.Deploy.0 = Debug|Any CPU
		{24920CA4-04BD-4CFE-91B0-BC302EA956AF}.Debug|ARM.ActiveCfg = Debug|Any CPU
		{24920CA4-04BD-4CFE-91B0-BC302EA956AF}.Debug|ARM.Build.0 = Debug|Any CPU
		{24920CA4-04BD-4CFE-91B0-BC302EA956AF}.Debug|ARM.Deploy.0 = Debug|Any CPU
		{24920CA4-04BD-4CFE-91B0-BC302EA956AF}.Debug|iPhone.ActiveCfg = Debug|Any CPU
		{24920CA4-04BD-4CFE-91B0-BC302EA956AF}.Debug|iPhone.Build.0 = Debug|Any CPU
		{24920CA4-04BD-4CFE-91B0-BC302EA956AF}.Debug|iPhone.Deploy.0 = Debug|Any CPU
		{24920CA4-04BD-4CFE-91B0-BC302EA956AF}.Debug|iPhoneSimulator.ActiveCfg = Debug|Any CPU
		{24920CA4-04BD-4CFE-91B0-BC302EA956AF}.Debug|iPhoneSimulator.Build.0 = Debug|Any CPU
		{24920CA4-04BD-4CFE-91B0-BC302EA956AF}.Debug|iPhoneSimulator.Deploy.0 = Debug|Any CPU
		{24920CA4-04BD-4CFE-91B0-BC302EA956AF}.Debug|x64.ActiveCfg = Debug|Any CPU
		{24920CA4-04BD-4CFE-91B0-BC302EA956AF}.Debug|x64.Build.0 = Debug|Any CPU
		{24920CA4-04BD-4CFE-91B0-BC302EA956AF}.Debug|x64.Deploy.0 = Debug|Any CPU
		{24920CA4-04BD-4CFE-91B0-BC302EA956AF}.Debug|x86.ActiveCfg = Debug|Any CPU
		{24920CA4-04BD-4CFE-91B0-BC302EA956AF}.Debug|x86.Build.0 = Debug|Any CPU
		{24920CA4-04BD-4CFE-91B0-BC302EA956AF}.Debug|x86.Deploy.0 = Debug|Any CPU
		{24920CA4-04BD-4CFE-91B0-BC302EA956AF}.Release|Any CPU.ActiveCfg = Release|Any CPU
		{24920CA4-04BD-4CFE-91B0-BC302EA956AF}.Release|Any CPU.Build.0 = Release|Any CPU
		{24920CA4-04BD-4CFE-91B0-BC302EA956AF}.Release|Any CPU.Deploy.0 = Release|Any CPU
		{24920CA4-04BD-4CFE-91B0-BC302EA956AF}.Release|ARM.ActiveCfg = Release|Any CPU
		{24920CA4-04BD-4CFE-91B0-BC302EA956AF}.Release|ARM.Build.0 = Release|Any CPU
		{24920CA4-04BD-4CFE-91B0-BC302EA956AF}.Release|ARM.Deploy.0 = Release|Any CPU
		{24920CA4-04BD-4CFE-91B0-BC302EA956AF}.Release|iPhone.ActiveCfg = Release|Any CPU
		{24920CA4-04BD-4CFE-91B0-BC302EA956AF}.Release|iPhone.Build.0 = Release|Any CPU
		{24920CA4-04BD-4CFE-91B0-BC302EA956AF}.Release|iPhone.Deploy.0 = Release|Any CPU
		{24920CA4-04BD-4CFE-91B0-BC302EA956AF}.Release|iPhoneSimulator.ActiveCfg = Release|Any CPU
		{24920CA4-04BD-4CFE-91B0-BC302EA956AF}.Release|iPhoneSimulator.Build.0 = Release|Any CPU
		{24920CA4-04BD-4CFE-91B0-BC302EA956AF}.Release|iPhoneSimulator.Deploy.0 = Release|Any CPU
		{24920CA4-04BD-4CFE-91B0-BC302EA956AF}.Release|x64.ActiveCfg = Release|Any CPU
		{24920CA4-04BD-4CFE-91B0-BC302EA956AF}.Release|x64.Build.0 = Release|Any CPU
		{24920CA4-04BD-4CFE-91B0-BC302EA956AF}.Release|x64.Deploy.0 = Release|Any CPU
		{24920CA4-04BD-4CFE-91B0-BC302EA956AF}.Release|x86.ActiveCfg = Release|Any CPU
		{24920CA4-04BD-4CFE-91B0-BC302EA956AF}.Release|x86.Build.0 = Release|Any CPU
		{24920CA4-04BD-4CFE-91B0-BC302EA956AF}.Release|x86.Deploy.0 = Release|Any CPU
		{3E122A5A-783E-46EA-950E-112415BEF588}.Debug|Any CPU.ActiveCfg = Debug|iPhoneSimulator
		{3E122A5A-783E-46EA-950E-112415BEF588}.Debug|Any CPU.Build.0 = Debug|iPhoneSimulator
		{3E122A5A-783E-46EA-950E-112415BEF588}.Debug|ARM.ActiveCfg = Debug|iPhoneSimulator
		{3E122A5A-783E-46EA-950E-112415BEF588}.Debug|iPhone.ActiveCfg = Debug|iPhone
		{3E122A5A-783E-46EA-950E-112415BEF588}.Debug|iPhone.Build.0 = Debug|iPhone
		{3E122A5A-783E-46EA-950E-112415BEF588}.Debug|iPhoneSimulator.ActiveCfg = Debug|iPhoneSimulator
		{3E122A5A-783E-46EA-950E-112415BEF588}.Debug|iPhoneSimulator.Build.0 = Debug|iPhoneSimulator
		{3E122A5A-783E-46EA-950E-112415BEF588}.Debug|x64.ActiveCfg = Debug|iPhoneSimulator
		{3E122A5A-783E-46EA-950E-112415BEF588}.Debug|x86.ActiveCfg = Debug|iPhoneSimulator
		{3E122A5A-783E-46EA-950E-112415BEF588}.Release|Any CPU.ActiveCfg = Release|iPhoneSimulator
		{3E122A5A-783E-46EA-950E-112415BEF588}.Release|ARM.ActiveCfg = Release|iPhoneSimulator
		{3E122A5A-783E-46EA-950E-112415BEF588}.Release|iPhone.ActiveCfg = Release|iPhone
		{3E122A5A-783E-46EA-950E-112415BEF588}.Release|iPhone.Build.0 = Release|iPhone
		{3E122A5A-783E-46EA-950E-112415BEF588}.Release|iPhoneSimulator.ActiveCfg = Release|iPhoneSimulator
		{3E122A5A-783E-46EA-950E-112415BEF588}.Release|iPhoneSimulator.Build.0 = Release|iPhoneSimulator
		{3E122A5A-783E-46EA-950E-112415BEF588}.Release|x64.ActiveCfg = Release|iPhoneSimulator
		{3E122A5A-783E-46EA-950E-112415BEF588}.Release|x86.ActiveCfg = Release|iPhoneSimulator
		{0777C1B8-1813-4121-A047-E4A43108F397}.Debug|Any CPU.ActiveCfg = Debug|Any CPU
		{0777C1B8-1813-4121-A047-E4A43108F397}.Debug|Any CPU.Build.0 = Debug|Any CPU
		{0777C1B8-1813-4121-A047-E4A43108F397}.Debug|ARM.ActiveCfg = Debug|Any CPU
		{0777C1B8-1813-4121-A047-E4A43108F397}.Debug|ARM.Build.0 = Debug|Any CPU
		{0777C1B8-1813-4121-A047-E4A43108F397}.Debug|iPhone.ActiveCfg = Debug|Any CPU
		{0777C1B8-1813-4121-A047-E4A43108F397}.Debug|iPhone.Build.0 = Debug|Any CPU
		{0777C1B8-1813-4121-A047-E4A43108F397}.Debug|iPhoneSimulator.ActiveCfg = Debug|Any CPU
		{0777C1B8-1813-4121-A047-E4A43108F397}.Debug|iPhoneSimulator.Build.0 = Debug|Any CPU
		{0777C1B8-1813-4121-A047-E4A43108F397}.Debug|x64.ActiveCfg = Debug|Any CPU
		{0777C1B8-1813-4121-A047-E4A43108F397}.Debug|x64.Build.0 = Debug|Any CPU
		{0777C1B8-1813-4121-A047-E4A43108F397}.Debug|x86.ActiveCfg = Debug|Any CPU
		{0777C1B8-1813-4121-A047-E4A43108F397}.Debug|x86.Build.0 = Debug|Any CPU
		{0777C1B8-1813-4121-A047-E4A43108F397}.Release|Any CPU.ActiveCfg = Release|Any CPU
		{0777C1B8-1813-4121-A047-E4A43108F397}.Release|Any CPU.Build.0 = Release|Any CPU
		{0777C1B8-1813-4121-A047-E4A43108F397}.Release|ARM.ActiveCfg = Release|Any CPU
		{0777C1B8-1813-4121-A047-E4A43108F397}.Release|ARM.Build.0 = Release|Any CPU
		{0777C1B8-1813-4121-A047-E4A43108F397}.Release|iPhone.ActiveCfg = Release|Any CPU
		{0777C1B8-1813-4121-A047-E4A43108F397}.Release|iPhone.Build.0 = Release|Any CPU
		{0777C1B8-1813-4121-A047-E4A43108F397}.Release|iPhoneSimulator.ActiveCfg = Release|Any CPU
		{0777C1B8-1813-4121-A047-E4A43108F397}.Release|iPhoneSimulator.Build.0 = Release|Any CPU
		{0777C1B8-1813-4121-A047-E4A43108F397}.Release|x64.ActiveCfg = Release|Any CPU
		{0777C1B8-1813-4121-A047-E4A43108F397}.Release|x64.Build.0 = Release|Any CPU
		{0777C1B8-1813-4121-A047-E4A43108F397}.Release|x86.ActiveCfg = Release|Any CPU
		{0777C1B8-1813-4121-A047-E4A43108F397}.Release|x86.Build.0 = Release|Any CPU
	EndGlobalSection
	GlobalSection(SolutionProperties) = preSolution
		HideSolutionNode = FALSE
	EndGlobalSection
	GlobalSection(NestedProjects) = preSolution
		{13C9E21B-6B2A-422E-AB4A-7D76022D90FA} = {43FB2854-B857-48B8-8A0F-C135823C3BB1}
		{24920CA4-04BD-4CFE-91B0-BC302EA956AF} = {43FB2854-B857-48B8-8A0F-C135823C3BB1}
		{3E122A5A-783E-46EA-950E-112415BEF588} = {43FB2854-B857-48B8-8A0F-C135823C3BB1}
		{0777C1B8-1813-4121-A047-E4A43108F397} = {43FB2854-B857-48B8-8A0F-C135823C3BB1}
	EndGlobalSection
	GlobalSection(ExtensibilityGlobals) = postSolution
		SolutionGuid = {F170B1F3-1C8C-4E69-8F75-8C83ACF6A592}
	EndGlobalSection
EndGlobal
