
Microsoft Visual Studio Solution File, Format Version 12.00
# Visual Studio Version 16
VisualStudioVersion = 16.0.31129.286
MinimumVisualStudioVersion = 10.0.40219.1
Project("{9A19103F-16F7-4668-BE54-9A1E7A4F7556}") = "eHousing", "eHousing\eHousing.csproj", "{6B335C5A-9834-41C2-A194-E0939FC319BC}"
EndProject
Project("{FAE04EC0-301F-11D3-BF4B-00C04F79EFBC}") = "eHousing.Model", "eHousing.Model\eHousing.Model.csproj", "{76F46537-186D-40CA-B041-3983C1CB43FB}"
EndProject
Project("{FAE04EC0-301F-11D3-BF4B-00C04F79EFBC}") = "eHousing.WinUI", "eHousing.WinUI\eHousing.WinUI.csproj", "{82C16284-5B69-45C2-A9EE-C422CD95198C}"
EndProject
Project("{2150E333-8FDC-42A3-9474-1A3956D46DE8}") = "Mobile", "Mobile", "{7EA3E8C7-3E9A-47B8-B9E9-DC80150E6BFA}"
EndProject
Project("{FAE04EC0-301F-11D3-BF4B-00C04F79EFBC}") = "eHousing.Mobile.UWP", "eHousing.Mobile\eHousing.Mobile.UWP\eHousing.Mobile.UWP.csproj", "{64B7F612-84D0-457B-94AF-9D2EA6613678}"
EndProject
Project("{FAE04EC0-301F-11D3-BF4B-00C04F79EFBC}") = "eHousing.Mobile.Android", "eHousing.Mobile\eHousing.Mobile.Android\eHousing.Mobile.Android.csproj", "{4E594782-AE64-4311-8D88-F670E3B623CD}"
EndProject
Project("{FAE04EC0-301F-11D3-BF4B-00C04F79EFBC}") = "eHousing.Mobile.iOS", "eHousing.Mobile\eHousing.Mobile.iOS\eHousing.Mobile.iOS.csproj", "{4421BBBA-0B8D-4A76-ABC4-1933CC9ED5B3}"
EndProject
Project("{9A19103F-16F7-4668-BE54-9A1E7A4F7556}") = "eHousing.Mobile", "eHousing.Mobile\eHousing.Mobile\eHousing.Mobile.csproj", "{E0CFD552-1950-4A84-A734-35763B1F07C7}"
EndProject
Global
	GlobalSection(SolutionConfigurationPlatforms) = preSolution
		Debug|Any CPU = Debug|Any CPU
		Debug|ARM = Debug|ARM
		Debug|iPhone = Debug|iPhone
		Debug|iPhoneSimulator = Debug|iPhoneSimulator
		Debug|x64 = Debug|x64
		Debug|x86 = Debug|x86
		Release|Any CPU = Release|Any CPU
		Release|ARM = Release|ARM
		Release|iPhone = Release|iPhone
		Release|iPhoneSimulator = Release|iPhoneSimulator
		Release|x64 = Release|x64
		Release|x86 = Release|x86
	EndGlobalSection
	GlobalSection(ProjectConfigurationPlatforms) = postSolution
		{6B335C5A-9834-41C2-A194-E0939FC319BC}.Debug|Any CPU.ActiveCfg = Debug|Any CPU
		{6B335C5A-9834-41C2-A194-E0939FC319BC}.Debug|Any CPU.Build.0 = Debug|Any CPU
		{6B335C5A-9834-41C2-A194-E0939FC319BC}.Debug|ARM.ActiveCfg = Debug|Any CPU
		{6B335C5A-9834-41C2-A194-E0939FC319BC}.Debug|ARM.Build.0 = Debug|Any CPU
		{6B335C5A-9834-41C2-A194-E0939FC319BC}.Debug|iPhone.ActiveCfg = Debug|Any CPU
		{6B335C5A-9834-41C2-A194-E0939FC319BC}.Debug|iPhone.Build.0 = Debug|Any CPU
		{6B335C5A-9834-41C2-A194-E0939FC319BC}.Debug|iPhoneSimulator.ActiveCfg = Debug|Any CPU
		{6B335C5A-9834-41C2-A194-E0939FC319BC}.Debug|iPhoneSimulator.Build.0 = Debug|Any CPU
		{6B335C5A-9834-41C2-A194-E0939FC319BC}.Debug|x64.ActiveCfg = Debug|Any CPU
		{6B335C5A-9834-41C2-A194-E0939FC319BC}.Debug|x64.Build.0 = Debug|Any CPU
		{6B335C5A-9834-41C2-A194-E0939FC319BC}.Debug|x86.ActiveCfg = Debug|Any CPU
		{6B335C5A-9834-41C2-A194-E0939FC319BC}.Debug|x86.Build.0 = Debug|Any CPU
		{6B335C5A-9834-41C2-A194-E0939FC319BC}.Release|Any CPU.ActiveCfg = Release|Any CPU
		{6B335C5A-9834-41C2-A194-E0939FC319BC}.Release|Any CPU.Build.0 = Release|Any CPU
		{6B335C5A-9834-41C2-A194-E0939FC319BC}.Release|ARM.ActiveCfg = Release|Any CPU
		{6B335C5A-9834-41C2-A194-E0939FC319BC}.Release|ARM.Build.0 = Release|Any CPU
		{6B335C5A-9834-41C2-A194-E0939FC319BC}.Release|iPhone.ActiveCfg = Release|Any CPU
		{6B335C5A-9834-41C2-A194-E0939FC319BC}.Release|iPhone.Build.0 = Release|Any CPU
		{6B335C5A-9834-41C2-A194-E0939FC319BC}.Release|iPhoneSimulator.ActiveCfg = Release|Any CPU
		{6B335C5A-9834-41C2-A194-E0939FC319BC}.Release|iPhoneSimulator.Build.0 = Release|Any CPU
		{6B335C5A-9834-41C2-A194-E0939FC319BC}.Release|x64.ActiveCfg = Release|Any CPU
		{6B335C5A-9834-41C2-A194-E0939FC319BC}.Release|x64.Build.0 = Release|Any CPU
		{6B335C5A-9834-41C2-A194-E0939FC319BC}.Release|x86.ActiveCfg = Release|Any CPU
		{6B335C5A-9834-41C2-A194-E0939FC319BC}.Release|x86.Build.0 = Release|Any CPU
		{76F46537-186D-40CA-B041-3983C1CB43FB}.Debug|Any CPU.ActiveCfg = Debug|Any CPU
		{76F46537-186D-40CA-B041-3983C1CB43FB}.Debug|Any CPU.Build.0 = Debug|Any CPU
		{76F46537-186D-40CA-B041-3983C1CB43FB}.Debug|ARM.ActiveCfg = Debug|Any CPU
		{76F46537-186D-40CA-B041-3983C1CB43FB}.Debug|ARM.Build.0 = Debug|Any CPU
		{76F46537-186D-40CA-B041-3983C1CB43FB}.Debug|iPhone.ActiveCfg = Debug|Any CPU
		{76F46537-186D-40CA-B041-3983C1CB43FB}.Debug|iPhone.Build.0 = Debug|Any CPU
		{76F46537-186D-40CA-B041-3983C1CB43FB}.Debug|iPhoneSimulator.ActiveCfg = Debug|Any CPU
		{76F46537-186D-40CA-B041-3983C1CB43FB}.Debug|iPhoneSimulator.Build.0 = Debug|Any CPU
		{76F46537-186D-40CA-B041-3983C1CB43FB}.Debug|x64.ActiveCfg = Debug|Any CPU
		{76F46537-186D-40CA-B041-3983C1CB43FB}.Debug|x64.Build.0 = Debug|Any CPU
		{76F46537-186D-40CA-B041-3983C1CB43FB}.Debug|x86.ActiveCfg = Debug|Any CPU
		{76F46537-186D-40CA-B041-3983C1CB43FB}.Debug|x86.Build.0 = Debug|Any CPU
		{76F46537-186D-40CA-B041-3983C1CB43FB}.Release|Any CPU.ActiveCfg = Release|Any CPU
		{76F46537-186D-40CA-B041-3983C1CB43FB}.Release|Any CPU.Build.0 = Release|Any CPU
		{76F46537-186D-40CA-B041-3983C1CB43FB}.Release|ARM.ActiveCfg = Release|Any CPU
		{76F46537-186D-40CA-B041-3983C1CB43FB}.Release|ARM.Build.0 = Release|Any CPU
		{76F46537-186D-40CA-B041-3983C1CB43FB}.Release|iPhone.ActiveCfg = Release|Any CPU
		{76F46537-186D-40CA-B041-3983C1CB43FB}.Release|iPhone.Build.0 = Release|Any CPU
		{76F46537-186D-40CA-B041-3983C1CB43FB}.Release|iPhoneSimulator.ActiveCfg = Release|Any CPU
		{76F46537-186D-40CA-B041-3983C1CB43FB}.Release|iPhoneSimulator.Build.0 = Release|Any CPU
		{76F46537-186D-40CA-B041-3983C1CB43FB}.Release|x64.ActiveCfg = Release|Any CPU
		{76F46537-186D-40CA-B041-3983C1CB43FB}.Release|x64.Build.0 = Release|Any CPU
		{76F46537-186D-40CA-B041-3983C1CB43FB}.Release|x86.ActiveCfg = Release|Any CPU
		{76F46537-186D-40CA-B041-3983C1CB43FB}.Release|x86.Build.0 = Release|Any CPU
		{82C16284-5B69-45C2-A9EE-C422CD95198C}.Debug|Any CPU.ActiveCfg = Debug|Any CPU
		{82C16284-5B69-45C2-A9EE-C422CD95198C}.Debug|Any CPU.Build.0 = Debug|Any CPU
		{82C16284-5B69-45C2-A9EE-C422CD95198C}.Debug|ARM.ActiveCfg = Debug|Any CPU
		{82C16284-5B69-45C2-A9EE-C422CD95198C}.Debug|ARM.Build.0 = Debug|Any CPU
		{82C16284-5B69-45C2-A9EE-C422CD95198C}.Debug|iPhone.ActiveCfg = Debug|Any CPU
		{82C16284-5B69-45C2-A9EE-C422CD95198C}.Debug|iPhone.Build.0 = Debug|Any CPU
		{82C16284-5B69-45C2-A9EE-C422CD95198C}.Debug|iPhoneSimulator.ActiveCfg = Debug|Any CPU
		{82C16284-5B69-45C2-A9EE-C422CD95198C}.Debug|iPhoneSimulator.Build.0 = Debug|Any CPU
		{82C16284-5B69-45C2-A9EE-C422CD95198C}.Debug|x64.ActiveCfg = Debug|Any CPU
		{82C16284-5B69-45C2-A9EE-C422CD95198C}.Debug|x64.Build.0 = Debug|Any CPU
		{82C16284-5B69-45C2-A9EE-C422CD95198C}.Debug|x86.ActiveCfg = Debug|Any CPU
		{82C16284-5B69-45C2-A9EE-C422CD95198C}.Debug|x86.Build.0 = Debug|Any CPU
		{82C16284-5B69-45C2-A9EE-C422CD95198C}.Release|Any CPU.ActiveCfg = Release|Any CPU
		{82C16284-5B69-45C2-A9EE-C422CD95198C}.Release|Any CPU.Build.0 = Release|Any CPU
		{82C16284-5B69-45C2-A9EE-C422CD95198C}.Release|ARM.ActiveCfg = Release|Any CPU
		{82C16284-5B69-45C2-A9EE-C422CD95198C}.Release|ARM.Build.0 = Release|Any CPU
		{82C16284-5B69-45C2-A9EE-C422CD95198C}.Release|iPhone.ActiveCfg = Release|Any CPU
		{82C16284-5B69-45C2-A9EE-C422CD95198C}.Release|iPhone.Build.0 = Release|Any CPU
		{82C16284-5B69-45C2-A9EE-C422CD95198C}.Release|iPhoneSimulator.ActiveCfg = Release|Any CPU
		{82C16284-5B69-45C2-A9EE-C422CD95198C}.Release|iPhoneSimulator.Build.0 = Release|Any CPU
		{82C16284-5B69-45C2-A9EE-C422CD95198C}.Release|x64.ActiveCfg = Release|Any CPU
		{82C16284-5B69-45C2-A9EE-C422CD95198C}.Release|x64.Build.0 = Release|Any CPU
		{82C16284-5B69-45C2-A9EE-C422CD95198C}.Release|x86.ActiveCfg = Release|Any CPU
		{82C16284-5B69-45C2-A9EE-C422CD95198C}.Release|x86.Build.0 = Release|Any CPU
		{64B7F612-84D0-457B-94AF-9D2EA6613678}.Debug|Any CPU.ActiveCfg = Debug|x86
		{64B7F612-84D0-457B-94AF-9D2EA6613678}.Debug|Any CPU.Build.0 = Debug|x86
		{64B7F612-84D0-457B-94AF-9D2EA6613678}.Debug|Any CPU.Deploy.0 = Debug|x86
		{64B7F612-84D0-457B-94AF-9D2EA6613678}.Debug|ARM.ActiveCfg = Debug|ARM
		{64B7F612-84D0-457B-94AF-9D2EA6613678}.Debug|ARM.Build.0 = Debug|ARM
		{64B7F612-84D0-457B-94AF-9D2EA6613678}.Debug|ARM.Deploy.0 = Debug|ARM
		{64B7F612-84D0-457B-94AF-9D2EA6613678}.Debug|iPhone.ActiveCfg = Debug|x86
		{64B7F612-84D0-457B-94AF-9D2EA6613678}.Debug|iPhoneSimulator.ActiveCfg = Debug|x86
		{64B7F612-84D0-457B-94AF-9D2EA6613678}.Debug|iPhoneSimulator.Build.0 = Debug|x86
		{64B7F612-84D0-457B-94AF-9D2EA6613678}.Debug|iPhoneSimulator.Deploy.0 = Debug|x86
		{64B7F612-84D0-457B-94AF-9D2EA6613678}.Debug|x64.ActiveCfg = Debug|x64
		{64B7F612-84D0-457B-94AF-9D2EA6613678}.Debug|x64.Build.0 = Debug|x64
		{64B7F612-84D0-457B-94AF-9D2EA6613678}.Debug|x64.Deploy.0 = Debug|x64
		{64B7F612-84D0-457B-94AF-9D2EA6613678}.Debug|x86.ActiveCfg = Debug|x86
		{64B7F612-84D0-457B-94AF-9D2EA6613678}.Debug|x86.Build.0 = Debug|x86
		{64B7F612-84D0-457B-94AF-9D2EA6613678}.Debug|x86.Deploy.0 = Debug|x86
		{64B7F612-84D0-457B-94AF-9D2EA6613678}.Release|Any CPU.ActiveCfg = Release|x86
		{64B7F612-84D0-457B-94AF-9D2EA6613678}.Release|ARM.ActiveCfg = Release|ARM
		{64B7F612-84D0-457B-94AF-9D2EA6613678}.Release|ARM.Build.0 = Release|ARM
		{64B7F612-84D0-457B-94AF-9D2EA6613678}.Release|ARM.Deploy.0 = Release|ARM
		{64B7F612-84D0-457B-94AF-9D2EA6613678}.Release|iPhone.ActiveCfg = Release|x86
		{64B7F612-84D0-457B-94AF-9D2EA6613678}.Release|iPhoneSimulator.ActiveCfg = Release|x86
		{64B7F612-84D0-457B-94AF-9D2EA6613678}.Release|x64.ActiveCfg = Release|x64
		{64B7F612-84D0-457B-94AF-9D2EA6613678}.Release|x64.Build.0 = Release|x64
		{64B7F612-84D0-457B-94AF-9D2EA6613678}.Release|x64.Deploy.0 = Release|x64
		{64B7F612-84D0-457B-94AF-9D2EA6613678}.Release|x86.ActiveCfg = Release|x86
		{64B7F612-84D0-457B-94AF-9D2EA6613678}.Release|x86.Build.0 = Release|x86
		{64B7F612-84D0-457B-94AF-9D2EA6613678}.Release|x86.Deploy.0 = Release|x86
		{4E594782-AE64-4311-8D88-F670E3B623CD}.Debug|Any CPU.ActiveCfg = Debug|Any CPU
		{4E594782-AE64-4311-8D88-F670E3B623CD}.Debug|Any CPU.Build.0 = Debug|Any CPU
		{4E594782-AE64-4311-8D88-F670E3B623CD}.Debug|Any CPU.Deploy.0 = Debug|Any CPU
		{4E594782-AE64-4311-8D88-F670E3B623CD}.Debug|ARM.ActiveCfg = Debug|Any CPU
		{4E594782-AE64-4311-8D88-F670E3B623CD}.Debug|ARM.Build.0 = Debug|Any CPU
		{4E594782-AE64-4311-8D88-F670E3B623CD}.Debug|ARM.Deploy.0 = Debug|Any CPU
		{4E594782-AE64-4311-8D88-F670E3B623CD}.Debug|iPhone.ActiveCfg = Debug|Any CPU
		{4E594782-AE64-4311-8D88-F670E3B623CD}.Debug|iPhone.Build.0 = Debug|Any CPU
		{4E594782-AE64-4311-8D88-F670E3B623CD}.Debug|iPhone.Deploy.0 = Debug|Any CPU
		{4E594782-AE64-4311-8D88-F670E3B623CD}.Debug|iPhoneSimulator.ActiveCfg = Debug|Any CPU
		{4E594782-AE64-4311-8D88-F670E3B623CD}.Debug|iPhoneSimulator.Build.0 = Debug|Any CPU
		{4E594782-AE64-4311-8D88-F670E3B623CD}.Debug|iPhoneSimulator.Deploy.0 = Debug|Any CPU
		{4E594782-AE64-4311-8D88-F670E3B623CD}.Debug|x64.ActiveCfg = Debug|Any CPU
		{4E594782-AE64-4311-8D88-F670E3B623CD}.Debug|x64.Build.0 = Debug|Any CPU
		{4E594782-AE64-4311-8D88-F670E3B623CD}.Debug|x64.Deploy.0 = Debug|Any CPU
		{4E594782-AE64-4311-8D88-F670E3B623CD}.Debug|x86.ActiveCfg = Debug|Any CPU
		{4E594782-AE64-4311-8D88-F670E3B623CD}.Debug|x86.Build.0 = Debug|Any CPU
		{4E594782-AE64-4311-8D88-F670E3B623CD}.Debug|x86.Deploy.0 = Debug|Any CPU
		{4E594782-AE64-4311-8D88-F670E3B623CD}.Release|Any CPU.ActiveCfg = Release|Any CPU
		{4E594782-AE64-4311-8D88-F670E3B623CD}.Release|Any CPU.Build.0 = Release|Any CPU
		{4E594782-AE64-4311-8D88-F670E3B623CD}.Release|Any CPU.Deploy.0 = Release|Any CPU
		{4E594782-AE64-4311-8D88-F670E3B623CD}.Release|ARM.ActiveCfg = Release|Any CPU
		{4E594782-AE64-4311-8D88-F670E3B623CD}.Release|ARM.Build.0 = Release|Any CPU
		{4E594782-AE64-4311-8D88-F670E3B623CD}.Release|ARM.Deploy.0 = Release|Any CPU
		{4E594782-AE64-4311-8D88-F670E3B623CD}.Release|iPhone.ActiveCfg = Release|Any CPU
		{4E594782-AE64-4311-8D88-F670E3B623CD}.Release|iPhone.Build.0 = Release|Any CPU
		{4E594782-AE64-4311-8D88-F670E3B623CD}.Release|iPhone.Deploy.0 = Release|Any CPU
		{4E594782-AE64-4311-8D88-F670E3B623CD}.Release|iPhoneSimulator.ActiveCfg = Release|Any CPU
		{4E594782-AE64-4311-8D88-F670E3B623CD}.Release|iPhoneSimulator.Build.0 = Release|Any CPU
		{4E594782-AE64-4311-8D88-F670E3B623CD}.Release|iPhoneSimulator.Deploy.0 = Release|Any CPU
		{4E594782-AE64-4311-8D88-F670E3B623CD}.Release|x64.ActiveCfg = Release|Any CPU
		{4E594782-AE64-4311-8D88-F670E3B623CD}.Release|x64.Build.0 = Release|Any CPU
		{4E594782-AE64-4311-8D88-F670E3B623CD}.Release|x64.Deploy.0 = Release|Any CPU
		{4E594782-AE64-4311-8D88-F670E3B623CD}.Release|x86.ActiveCfg = Release|Any CPU
		{4E594782-AE64-4311-8D88-F670E3B623CD}.Release|x86.Build.0 = Release|Any CPU
		{4E594782-AE64-4311-8D88-F670E3B623CD}.Release|x86.Deploy.0 = Release|Any CPU
		{4421BBBA-0B8D-4A76-ABC4-1933CC9ED5B3}.Debug|Any CPU.ActiveCfg = Debug|iPhoneSimulator
		{4421BBBA-0B8D-4A76-ABC4-1933CC9ED5B3}.Debug|Any CPU.Build.0 = Debug|iPhoneSimulator
		{4421BBBA-0B8D-4A76-ABC4-1933CC9ED5B3}.Debug|ARM.ActiveCfg = Debug|iPhoneSimulator
		{4421BBBA-0B8D-4A76-ABC4-1933CC9ED5B3}.Debug|iPhone.ActiveCfg = Debug|iPhone
		{4421BBBA-0B8D-4A76-ABC4-1933CC9ED5B3}.Debug|iPhone.Build.0 = Debug|iPhone
		{4421BBBA-0B8D-4A76-ABC4-1933CC9ED5B3}.Debug|iPhoneSimulator.ActiveCfg = Debug|iPhoneSimulator
		{4421BBBA-0B8D-4A76-ABC4-1933CC9ED5B3}.Debug|iPhoneSimulator.Build.0 = Debug|iPhoneSimulator
		{4421BBBA-0B8D-4A76-ABC4-1933CC9ED5B3}.Debug|x64.ActiveCfg = Debug|iPhoneSimulator
		{4421BBBA-0B8D-4A76-ABC4-1933CC9ED5B3}.Debug|x86.ActiveCfg = Debug|iPhoneSimulator
		{4421BBBA-0B8D-4A76-ABC4-1933CC9ED5B3}.Release|Any CPU.ActiveCfg = Release|iPhoneSimulator
		{4421BBBA-0B8D-4A76-ABC4-1933CC9ED5B3}.Release|ARM.ActiveCfg = Release|iPhoneSimulator
		{4421BBBA-0B8D-4A76-ABC4-1933CC9ED5B3}.Release|iPhone.ActiveCfg = Release|iPhone
		{4421BBBA-0B8D-4A76-ABC4-1933CC9ED5B3}.Release|iPhone.Build.0 = Release|iPhone
		{4421BBBA-0B8D-4A76-ABC4-1933CC9ED5B3}.Release|iPhoneSimulator.ActiveCfg = Release|iPhoneSimulator
		{4421BBBA-0B8D-4A76-ABC4-1933CC9ED5B3}.Release|iPhoneSimulator.Build.0 = Release|iPhoneSimulator
		{4421BBBA-0B8D-4A76-ABC4-1933CC9ED5B3}.Release|x64.ActiveCfg = Release|iPhoneSimulator
		{4421BBBA-0B8D-4A76-ABC4-1933CC9ED5B3}.Release|x86.ActiveCfg = Release|iPhoneSimulator
		{E0CFD552-1950-4A84-A734-35763B1F07C7}.Debug|Any CPU.ActiveCfg = Debug|Any CPU
		{E0CFD552-1950-4A84-A734-35763B1F07C7}.Debug|Any CPU.Build.0 = Debug|Any CPU
		{E0CFD552-1950-4A84-A734-35763B1F07C7}.Debug|ARM.ActiveCfg = Debug|Any CPU
		{E0CFD552-1950-4A84-A734-35763B1F07C7}.Debug|ARM.Build.0 = Debug|Any CPU
		{E0CFD552-1950-4A84-A734-35763B1F07C7}.Debug|iPhone.ActiveCfg = Debug|Any CPU
		{E0CFD552-1950-4A84-A734-35763B1F07C7}.Debug|iPhone.Build.0 = Debug|Any CPU
		{E0CFD552-1950-4A84-A734-35763B1F07C7}.Debug|iPhoneSimulator.ActiveCfg = Debug|Any CPU
		{E0CFD552-1950-4A84-A734-35763B1F07C7}.Debug|iPhoneSimulator.Build.0 = Debug|Any CPU
		{E0CFD552-1950-4A84-A734-35763B1F07C7}.Debug|x64.ActiveCfg = Debug|Any CPU
		{E0CFD552-1950-4A84-A734-35763B1F07C7}.Debug|x64.Build.0 = Debug|Any CPU
		{E0CFD552-1950-4A84-A734-35763B1F07C7}.Debug|x86.ActiveCfg = Debug|Any CPU
		{E0CFD552-1950-4A84-A734-35763B1F07C7}.Debug|x86.Build.0 = Debug|Any CPU
		{E0CFD552-1950-4A84-A734-35763B1F07C7}.Release|Any CPU.ActiveCfg = Release|Any CPU
		{E0CFD552-1950-4A84-A734-35763B1F07C7}.Release|Any CPU.Build.0 = Release|Any CPU
		{E0CFD552-1950-4A84-A734-35763B1F07C7}.Release|ARM.ActiveCfg = Release|Any CPU
		{E0CFD552-1950-4A84-A734-35763B1F07C7}.Release|ARM.Build.0 = Release|Any CPU
		{E0CFD552-1950-4A84-A734-35763B1F07C7}.Release|iPhone.ActiveCfg = Release|Any CPU
		{E0CFD552-1950-4A84-A734-35763B1F07C7}.Release|iPhone.Build.0 = Release|Any CPU
		{E0CFD552-1950-4A84-A734-35763B1F07C7}.Release|iPhoneSimulator.ActiveCfg = Release|Any CPU
		{E0CFD552-1950-4A84-A734-35763B1F07C7}.Release|iPhoneSimulator.Build.0 = Release|Any CPU
		{E0CFD552-1950-4A84-A734-35763B1F07C7}.Release|x64.ActiveCfg = Release|Any CPU
		{E0CFD552-1950-4A84-A734-35763B1F07C7}.Release|x64.Build.0 = Release|Any CPU
		{E0CFD552-1950-4A84-A734-35763B1F07C7}.Release|x86.ActiveCfg = Release|Any CPU
		{E0CFD552-1950-4A84-A734-35763B1F07C7}.Release|x86.Build.0 = Release|Any CPU
	EndGlobalSection
	GlobalSection(SolutionProperties) = preSolution
		HideSolutionNode = FALSE
	EndGlobalSection
	GlobalSection(NestedProjects) = preSolution
		{64B7F612-84D0-457B-94AF-9D2EA6613678} = {7EA3E8C7-3E9A-47B8-B9E9-DC80150E6BFA}
		{4E594782-AE64-4311-8D88-F670E3B623CD} = {7EA3E8C7-3E9A-47B8-B9E9-DC80150E6BFA}
		{4421BBBA-0B8D-4A76-ABC4-1933CC9ED5B3} = {7EA3E8C7-3E9A-47B8-B9E9-DC80150E6BFA}
		{E0CFD552-1950-4A84-A734-35763B1F07C7} = {7EA3E8C7-3E9A-47B8-B9E9-DC80150E6BFA}
	EndGlobalSection
	GlobalSection(ExtensibilityGlobals) = postSolution
		SolutionGuid = {F170B1F3-1C8C-4E69-8F75-8C83ACF6A592}
	EndGlobalSection
EndGlobal
